
Microsoft Visual Studio Solution File, Format Version 12.00
# Visual Studio Version 17
VisualStudioVersion = 17.2.32516.85
MinimumVisualStudioVersion = 10.0.40219.1
Project("{FAE04EC0-301F-11D3-BF4B-00C04F79EFBC}") = "WebJobChollometro", "WebJobChollometro\WebJobChollometro.csproj", "{9428F396-EB7D-4941-BA0D-5750CBD1ADA4}"
EndProject
Global
	GlobalSection(SolutionConfigurationPlatforms) = preSolution
		Debug|Any CPU = Debug|Any CPU
		Release|Any CPU = Release|Any CPU
	EndGlobalSection
	GlobalSection(ProjectConfigurationPlatforms) = postSolution
		{9428F396-EB7D-4941-BA0D-5750CBD1ADA4}.Debug|Any CPU.ActiveCfg = Debug|Any CPU
		{9428F396-EB7D-4941-BA0D-5750CBD1ADA4}.Debug|Any CPU.Build.0 = Debug|Any CPU
		{9428F396-EB7D-4941-BA0D-5750CBD1ADA4}.Release|Any CPU.ActiveCfg = Release|Any CPU
		{9428F396-EB7D-4941-BA0D-5750CBD1ADA4}.Release|Any CPU.Build.0 = Release|Any CPU
	EndGlobalSection
	GlobalSection(SolutionProperties) = preSolution
		HideSolutionNode = FALSE
	EndGlobalSection
	GlobalSection(ExtensibilityGlobals) = postSolution
		SolutionGuid = {260A1382-146D-4E37-AA62-568BC9F8272D}
	EndGlobalSection
EndGlobal
